
Microsoft Visual Studio Solution File, Format Version 12.00
# Visual Studio 14
VisualStudioVersion = 14.0.25420.1
MinimumVisualStudioVersion = 10.0.40219.1
Project("{FAE04EC0-301F-11D3-BF4B-00C04F79EFBC}") = "CISampleApp", "CISampleApp\CISampleApp\CISampleApp.csproj", "{A3DD8EF3-6B46-4CC5-8CB7-98707B5A0863}"
EndProject
Project("{FAE04EC0-301F-11D3-BF4B-00C04F79EFBC}") = "CISampleApp.Droid", "CISampleApp\CISampleApp.Droid\CISampleApp.Droid.csproj", "{CA87E535-4082-4F17-B7EB-699D9906EF5A}"
EndProject
Project("{FAE04EC0-301F-11D3-BF4B-00C04F79EFBC}") = "CISampleApp.iOS", "CISampleApp\CISampleApp.iOS\CISampleApp.iOS.csproj", "{CEAF9589-A5AD-4A29-98F0-4BA507417D9D}"
EndProject
Project("{FAE04EC0-301F-11D3-BF4B-00C04F79EFBC}") = "CISampleApp.UWP", "CISampleApp\CISampleApp.UWP\CISampleApp.UWP.csproj", "{80CC1D88-5A16-4009-9BD9-38E3E8A5B3C9}"
EndProject
Project("{FAE04EC0-301F-11D3-BF4B-00C04F79EFBC}") = "CISample.Tests", "CISample.Tests\CISample.Tests.csproj", "{BCF2F3CA-9900-4C57-9FC9-633E7FBECF2F}"
EndProject
Project("{FAE04EC0-301F-11D3-BF4B-00C04F79EFBC}") = "CISample.UITests", "CISample.UITests\CISample.UITests.csproj", "{673AD6C9-CB79-4070-B737-73872F44223F}"
EndProject
Global
	GlobalSection(SolutionConfigurationPlatforms) = preSolution
		Ad-Hoc|Any CPU = Ad-Hoc|Any CPU
		Ad-Hoc|ARM = Ad-Hoc|ARM
		Ad-Hoc|iPhone = Ad-Hoc|iPhone
		Ad-Hoc|iPhoneSimulator = Ad-Hoc|iPhoneSimulator
		Ad-Hoc|x64 = Ad-Hoc|x64
		Ad-Hoc|x86 = Ad-Hoc|x86
		AppStore|Any CPU = AppStore|Any CPU
		AppStore|ARM = AppStore|ARM
		AppStore|iPhone = AppStore|iPhone
		AppStore|iPhoneSimulator = AppStore|iPhoneSimulator
		AppStore|x64 = AppStore|x64
		AppStore|x86 = AppStore|x86
		Debug|Any CPU = Debug|Any CPU
		Debug|ARM = Debug|ARM
		Debug|iPhone = Debug|iPhone
		Debug|iPhoneSimulator = Debug|iPhoneSimulator
		Debug|x64 = Debug|x64
		Debug|x86 = Debug|x86
		Release|Any CPU = Release|Any CPU
		Release|ARM = Release|ARM
		Release|iPhone = Release|iPhone
		Release|iPhoneSimulator = Release|iPhoneSimulator
		Release|x64 = Release|x64
		Release|x86 = Release|x86
	EndGlobalSection
	GlobalSection(ProjectConfigurationPlatforms) = postSolution
		{A3DD8EF3-6B46-4CC5-8CB7-98707B5A0863}.Ad-Hoc|Any CPU.ActiveCfg = Release|Any CPU
		{A3DD8EF3-6B46-4CC5-8CB7-98707B5A0863}.Ad-Hoc|Any CPU.Build.0 = Release|Any CPU
		{A3DD8EF3-6B46-4CC5-8CB7-98707B5A0863}.Ad-Hoc|ARM.ActiveCfg = Release|Any CPU
		{A3DD8EF3-6B46-4CC5-8CB7-98707B5A0863}.Ad-Hoc|ARM.Build.0 = Release|Any CPU
		{A3DD8EF3-6B46-4CC5-8CB7-98707B5A0863}.Ad-Hoc|iPhone.ActiveCfg = Release|Any CPU
		{A3DD8EF3-6B46-4CC5-8CB7-98707B5A0863}.Ad-Hoc|iPhone.Build.0 = Release|Any CPU
		{A3DD8EF3-6B46-4CC5-8CB7-98707B5A0863}.Ad-Hoc|iPhoneSimulator.ActiveCfg = Release|Any CPU
		{A3DD8EF3-6B46-4CC5-8CB7-98707B5A0863}.Ad-Hoc|iPhoneSimulator.Build.0 = Release|Any CPU
		{A3DD8EF3-6B46-4CC5-8CB7-98707B5A0863}.Ad-Hoc|x64.ActiveCfg = Release|Any CPU
		{A3DD8EF3-6B46-4CC5-8CB7-98707B5A0863}.Ad-Hoc|x64.Build.0 = Release|Any CPU
		{A3DD8EF3-6B46-4CC5-8CB7-98707B5A0863}.Ad-Hoc|x86.ActiveCfg = Release|Any CPU
		{A3DD8EF3-6B46-4CC5-8CB7-98707B5A0863}.Ad-Hoc|x86.Build.0 = Release|Any CPU
		{A3DD8EF3-6B46-4CC5-8CB7-98707B5A0863}.AppStore|Any CPU.ActiveCfg = Release|Any CPU
		{A3DD8EF3-6B46-4CC5-8CB7-98707B5A0863}.AppStore|Any CPU.Build.0 = Release|Any CPU
		{A3DD8EF3-6B46-4CC5-8CB7-98707B5A0863}.AppStore|ARM.ActiveCfg = Release|Any CPU
		{A3DD8EF3-6B46-4CC5-8CB7-98707B5A0863}.AppStore|ARM.Build.0 = Release|Any CPU
		{A3DD8EF3-6B46-4CC5-8CB7-98707B5A0863}.AppStore|iPhone.ActiveCfg = Release|Any CPU
		{A3DD8EF3-6B46-4CC5-8CB7-98707B5A0863}.AppStore|iPhone.Build.0 = Release|Any CPU
		{A3DD8EF3-6B46-4CC5-8CB7-98707B5A0863}.AppStore|iPhoneSimulator.ActiveCfg = Release|Any CPU
		{A3DD8EF3-6B46-4CC5-8CB7-98707B5A0863}.AppStore|iPhoneSimulator.Build.0 = Release|Any CPU
		{A3DD8EF3-6B46-4CC5-8CB7-98707B5A0863}.AppStore|x64.ActiveCfg = Release|Any CPU
		{A3DD8EF3-6B46-4CC5-8CB7-98707B5A0863}.AppStore|x64.Build.0 = Release|Any CPU
		{A3DD8EF3-6B46-4CC5-8CB7-98707B5A0863}.AppStore|x86.ActiveCfg = Release|Any CPU
		{A3DD8EF3-6B46-4CC5-8CB7-98707B5A0863}.AppStore|x86.Build.0 = Release|Any CPU
		{A3DD8EF3-6B46-4CC5-8CB7-98707B5A0863}.Debug|Any CPU.ActiveCfg = Debug|Any CPU
		{A3DD8EF3-6B46-4CC5-8CB7-98707B5A0863}.Debug|Any CPU.Build.0 = Debug|Any CPU
		{A3DD8EF3-6B46-4CC5-8CB7-98707B5A0863}.Debug|ARM.ActiveCfg = Debug|Any CPU
		{A3DD8EF3-6B46-4CC5-8CB7-98707B5A0863}.Debug|ARM.Build.0 = Debug|Any CPU
		{A3DD8EF3-6B46-4CC5-8CB7-98707B5A0863}.Debug|iPhone.ActiveCfg = Debug|Any CPU
		{A3DD8EF3-6B46-4CC5-8CB7-98707B5A0863}.Debug|iPhone.Build.0 = Debug|Any CPU
		{A3DD8EF3-6B46-4CC5-8CB7-98707B5A0863}.Debug|iPhoneSimulator.ActiveCfg = Debug|Any CPU
		{A3DD8EF3-6B46-4CC5-8CB7-98707B5A0863}.Debug|iPhoneSimulator.Build.0 = Debug|Any CPU
		{A3DD8EF3-6B46-4CC5-8CB7-98707B5A0863}.Debug|x64.ActiveCfg = Debug|Any CPU
		{A3DD8EF3-6B46-4CC5-8CB7-98707B5A0863}.Debug|x64.Build.0 = Debug|Any CPU
		{A3DD8EF3-6B46-4CC5-8CB7-98707B5A0863}.Debug|x86.ActiveCfg = Debug|Any CPU
		{A3DD8EF3-6B46-4CC5-8CB7-98707B5A0863}.Debug|x86.Build.0 = Debug|Any CPU
		{A3DD8EF3-6B46-4CC5-8CB7-98707B5A0863}.Release|Any CPU.ActiveCfg = Release|Any CPU
		{A3DD8EF3-6B46-4CC5-8CB7-98707B5A0863}.Release|Any CPU.Build.0 = Release|Any CPU
		{A3DD8EF3-6B46-4CC5-8CB7-98707B5A0863}.Release|ARM.ActiveCfg = Release|Any CPU
		{A3DD8EF3-6B46-4CC5-8CB7-98707B5A0863}.Release|ARM.Build.0 = Release|Any CPU
		{A3DD8EF3-6B46-4CC5-8CB7-98707B5A0863}.Release|iPhone.ActiveCfg = Release|Any CPU
		{A3DD8EF3-6B46-4CC5-8CB7-98707B5A0863}.Release|iPhone.Build.0 = Release|Any CPU
		{A3DD8EF3-6B46-4CC5-8CB7-98707B5A0863}.Release|iPhoneSimulator.ActiveCfg = Release|Any CPU
		{A3DD8EF3-6B46-4CC5-8CB7-98707B5A0863}.Release|iPhoneSimulator.Build.0 = Release|Any CPU
		{A3DD8EF3-6B46-4CC5-8CB7-98707B5A0863}.Release|x64.ActiveCfg = Release|Any CPU
		{A3DD8EF3-6B46-4CC5-8CB7-98707B5A0863}.Release|x64.Build.0 = Release|Any CPU
		{A3DD8EF3-6B46-4CC5-8CB7-98707B5A0863}.Release|x86.ActiveCfg = Release|Any CPU
		{A3DD8EF3-6B46-4CC5-8CB7-98707B5A0863}.Release|x86.Build.0 = Release|Any CPU
		{CA87E535-4082-4F17-B7EB-699D9906EF5A}.Ad-Hoc|Any CPU.ActiveCfg = Release|Any CPU
		{CA87E535-4082-4F17-B7EB-699D9906EF5A}.Ad-Hoc|Any CPU.Build.0 = Release|Any CPU
		{CA87E535-4082-4F17-B7EB-699D9906EF5A}.Ad-Hoc|Any CPU.Deploy.0 = Release|Any CPU
		{CA87E535-4082-4F17-B7EB-699D9906EF5A}.Ad-Hoc|ARM.ActiveCfg = Release|Any CPU
		{CA87E535-4082-4F17-B7EB-699D9906EF5A}.Ad-Hoc|ARM.Build.0 = Release|Any CPU
		{CA87E535-4082-4F17-B7EB-699D9906EF5A}.Ad-Hoc|ARM.Deploy.0 = Release|Any CPU
		{CA87E535-4082-4F17-B7EB-699D9906EF5A}.Ad-Hoc|iPhone.ActiveCfg = Release|Any CPU
		{CA87E535-4082-4F17-B7EB-699D9906EF5A}.Ad-Hoc|iPhone.Build.0 = Release|Any CPU
		{CA87E535-4082-4F17-B7EB-699D9906EF5A}.Ad-Hoc|iPhone.Deploy.0 = Release|Any CPU
		{CA87E535-4082-4F17-B7EB-699D9906EF5A}.Ad-Hoc|iPhoneSimulator.ActiveCfg = Release|Any CPU
		{CA87E535-4082-4F17-B7EB-699D9906EF5A}.Ad-Hoc|iPhoneSimulator.Build.0 = Release|Any CPU
		{CA87E535-4082-4F17-B7EB-699D9906EF5A}.Ad-Hoc|iPhoneSimulator.Deploy.0 = Release|Any CPU
		{CA87E535-4082-4F17-B7EB-699D9906EF5A}.Ad-Hoc|x64.ActiveCfg = Release|Any CPU
		{CA87E535-4082-4F17-B7EB-699D9906EF5A}.Ad-Hoc|x64.Build.0 = Release|Any CPU
		{CA87E535-4082-4F17-B7EB-699D9906EF5A}.Ad-Hoc|x64.Deploy.0 = Release|Any CPU
		{CA87E535-4082-4F17-B7EB-699D9906EF5A}.Ad-Hoc|x86.ActiveCfg = Release|Any CPU
		{CA87E535-4082-4F17-B7EB-699D9906EF5A}.Ad-Hoc|x86.Build.0 = Release|Any CPU
		{CA87E535-4082-4F17-B7EB-699D9906EF5A}.Ad-Hoc|x86.Deploy.0 = Release|Any CPU
		{CA87E535-4082-4F17-B7EB-699D9906EF5A}.AppStore|Any CPU.ActiveCfg = Release|Any CPU
		{CA87E535-4082-4F17-B7EB-699D9906EF5A}.AppStore|Any CPU.Build.0 = Release|Any CPU
		{CA87E535-4082-4F17-B7EB-699D9906EF5A}.AppStore|Any CPU.Deploy.0 = Release|Any CPU
		{CA87E535-4082-4F17-B7EB-699D9906EF5A}.AppStore|ARM.ActiveCfg = Release|Any CPU
		{CA87E535-4082-4F17-B7EB-699D9906EF5A}.AppStore|ARM.Build.0 = Release|Any CPU
		{CA87E535-4082-4F17-B7EB-699D9906EF5A}.AppStore|ARM.Deploy.0 = Release|Any CPU
		{CA87E535-4082-4F17-B7EB-699D9906EF5A}.AppStore|iPhone.ActiveCfg = Release|Any CPU
		{CA87E535-4082-4F17-B7EB-699D9906EF5A}.AppStore|iPhone.Build.0 = Release|Any CPU
		{CA87E535-4082-4F17-B7EB-699D9906EF5A}.AppStore|iPhone.Deploy.0 = Release|Any CPU
		{CA87E535-4082-4F17-B7EB-699D9906EF5A}.AppStore|iPhoneSimulator.ActiveCfg = Release|Any CPU
		{CA87E535-4082-4F17-B7EB-699D9906EF5A}.AppStore|iPhoneSimulator.Build.0 = Release|Any CPU
		{CA87E535-4082-4F17-B7EB-699D9906EF5A}.AppStore|iPhoneSimulator.Deploy.0 = Release|Any CPU
		{CA87E535-4082-4F17-B7EB-699D9906EF5A}.AppStore|x64.ActiveCfg = Release|Any CPU
		{CA87E535-4082-4F17-B7EB-699D9906EF5A}.AppStore|x64.Build.0 = Release|Any CPU
		{CA87E535-4082-4F17-B7EB-699D9906EF5A}.AppStore|x64.Deploy.0 = Release|Any CPU
		{CA87E535-4082-4F17-B7EB-699D9906EF5A}.AppStore|x86.ActiveCfg = Release|Any CPU
		{CA87E535-4082-4F17-B7EB-699D9906EF5A}.AppStore|x86.Build.0 = Release|Any CPU
		{CA87E535-4082-4F17-B7EB-699D9906EF5A}.AppStore|x86.Deploy.0 = Release|Any CPU
		{CA87E535-4082-4F17-B7EB-699D9906EF5A}.Debug|Any CPU.ActiveCfg = Debug|Any CPU
		{CA87E535-4082-4F17-B7EB-699D9906EF5A}.Debug|Any CPU.Build.0 = Debug|Any CPU
		{CA87E535-4082-4F17-B7EB-699D9906EF5A}.Debug|Any CPU.Deploy.0 = Debug|Any CPU
		{CA87E535-4082-4F17-B7EB-699D9906EF5A}.Debug|ARM.ActiveCfg = Debug|Any CPU
		{CA87E535-4082-4F17-B7EB-699D9906EF5A}.Debug|ARM.Build.0 = Debug|Any CPU
		{CA87E535-4082-4F17-B7EB-699D9906EF5A}.Debug|ARM.Deploy.0 = Debug|Any CPU
		{CA87E535-4082-4F17-B7EB-699D9906EF5A}.Debug|iPhone.ActiveCfg = Debug|Any CPU
		{CA87E535-4082-4F17-B7EB-699D9906EF5A}.Debug|iPhone.Build.0 = Debug|Any CPU
		{CA87E535-4082-4F17-B7EB-699D9906EF5A}.Debug|iPhone.Deploy.0 = Debug|Any CPU
		{CA87E535-4082-4F17-B7EB-699D9906EF5A}.Debug|iPhoneSimulator.ActiveCfg = Debug|Any CPU
		{CA87E535-4082-4F17-B7EB-699D9906EF5A}.Debug|iPhoneSimulator.Build.0 = Debug|Any CPU
		{CA87E535-4082-4F17-B7EB-699D9906EF5A}.Debug|iPhoneSimulator.Deploy.0 = Debug|Any CPU
		{CA87E535-4082-4F17-B7EB-699D9906EF5A}.Debug|x64.ActiveCfg = Debug|Any CPU
		{CA87E535-4082-4F17-B7EB-699D9906EF5A}.Debug|x64.Build.0 = Debug|Any CPU
		{CA87E535-4082-4F17-B7EB-699D9906EF5A}.Debug|x64.Deploy.0 = Debug|Any CPU
		{CA87E535-4082-4F17-B7EB-699D9906EF5A}.Debug|x86.ActiveCfg = Debug|Any CPU
		{CA87E535-4082-4F17-B7EB-699D9906EF5A}.Debug|x86.Build.0 = Debug|Any CPU
		{CA87E535-4082-4F17-B7EB-699D9906EF5A}.Debug|x86.Deploy.0 = Debug|Any CPU
		{CA87E535-4082-4F17-B7EB-699D9906EF5A}.Release|Any CPU.ActiveCfg = Release|Any CPU
		{CA87E535-4082-4F17-B7EB-699D9906EF5A}.Release|Any CPU.Build.0 = Release|Any CPU
		{CA87E535-4082-4F17-B7EB-699D9906EF5A}.Release|Any CPU.Deploy.0 = Release|Any CPU
		{CA87E535-4082-4F17-B7EB-699D9906EF5A}.Release|ARM.ActiveCfg = Release|Any CPU
		{CA87E535-4082-4F17-B7EB-699D9906EF5A}.Release|ARM.Build.0 = Release|Any CPU
		{CA87E535-4082-4F17-B7EB-699D9906EF5A}.Release|ARM.Deploy.0 = Release|Any CPU
		{CA87E535-4082-4F17-B7EB-699D9906EF5A}.Release|iPhone.ActiveCfg = Release|Any CPU
		{CA87E535-4082-4F17-B7EB-699D9906EF5A}.Release|iPhone.Build.0 = Release|Any CPU
		{CA87E535-4082-4F17-B7EB-699D9906EF5A}.Release|iPhone.Deploy.0 = Release|Any CPU
		{CA87E535-4082-4F17-B7EB-699D9906EF5A}.Release|iPhoneSimulator.ActiveCfg = Release|Any CPU
		{CA87E535-4082-4F17-B7EB-699D9906EF5A}.Release|iPhoneSimulator.Build.0 = Release|Any CPU
		{CA87E535-4082-4F17-B7EB-699D9906EF5A}.Release|iPhoneSimulator.Deploy.0 = Release|Any CPU
		{CA87E535-4082-4F17-B7EB-699D9906EF5A}.Release|x64.ActiveCfg = Release|Any CPU
		{CA87E535-4082-4F17-B7EB-699D9906EF5A}.Release|x64.Build.0 = Release|Any CPU
		{CA87E535-4082-4F17-B7EB-699D9906EF5A}.Release|x64.Deploy.0 = Release|Any CPU
		{CA87E535-4082-4F17-B7EB-699D9906EF5A}.Release|x86.ActiveCfg = Release|Any CPU
		{CA87E535-4082-4F17-B7EB-699D9906EF5A}.Release|x86.Build.0 = Release|Any CPU
		{CA87E535-4082-4F17-B7EB-699D9906EF5A}.Release|x86.Deploy.0 = Release|Any CPU
		{CEAF9589-A5AD-4A29-98F0-4BA507417D9D}.Ad-Hoc|Any CPU.ActiveCfg = Ad-Hoc|iPhone
		{CEAF9589-A5AD-4A29-98F0-4BA507417D9D}.Ad-Hoc|ARM.ActiveCfg = Ad-Hoc|iPhone
		{CEAF9589-A5AD-4A29-98F0-4BA507417D9D}.Ad-Hoc|iPhone.ActiveCfg = Ad-Hoc|iPhone
		{CEAF9589-A5AD-4A29-98F0-4BA507417D9D}.Ad-Hoc|iPhone.Build.0 = Ad-Hoc|iPhone
		{CEAF9589-A5AD-4A29-98F0-4BA507417D9D}.Ad-Hoc|iPhoneSimulator.ActiveCfg = Ad-Hoc|iPhoneSimulator
		{CEAF9589-A5AD-4A29-98F0-4BA507417D9D}.Ad-Hoc|iPhoneSimulator.Build.0 = Ad-Hoc|iPhoneSimulator
		{CEAF9589-A5AD-4A29-98F0-4BA507417D9D}.Ad-Hoc|x64.ActiveCfg = Ad-Hoc|iPhone
		{CEAF9589-A5AD-4A29-98F0-4BA507417D9D}.Ad-Hoc|x86.ActiveCfg = Ad-Hoc|iPhone
		{CEAF9589-A5AD-4A29-98F0-4BA507417D9D}.AppStore|Any CPU.ActiveCfg = AppStore|iPhone
		{CEAF9589-A5AD-4A29-98F0-4BA507417D9D}.AppStore|ARM.ActiveCfg = AppStore|iPhone
		{CEAF9589-A5AD-4A29-98F0-4BA507417D9D}.AppStore|iPhone.ActiveCfg = AppStore|iPhone
		{CEAF9589-A5AD-4A29-98F0-4BA507417D9D}.AppStore|iPhone.Build.0 = AppStore|iPhone
		{CEAF9589-A5AD-4A29-98F0-4BA507417D9D}.AppStore|iPhoneSimulator.ActiveCfg = AppStore|iPhoneSimulator
		{CEAF9589-A5AD-4A29-98F0-4BA507417D9D}.AppStore|iPhoneSimulator.Build.0 = AppStore|iPhoneSimulator
		{CEAF9589-A5AD-4A29-98F0-4BA507417D9D}.AppStore|x64.ActiveCfg = AppStore|iPhone
		{CEAF9589-A5AD-4A29-98F0-4BA507417D9D}.AppStore|x86.ActiveCfg = AppStore|iPhone
		{CEAF9589-A5AD-4A29-98F0-4BA507417D9D}.Debug|Any CPU.ActiveCfg = Debug|iPhone
		{CEAF9589-A5AD-4A29-98F0-4BA507417D9D}.Debug|ARM.ActiveCfg = Debug|iPhone
		{CEAF9589-A5AD-4A29-98F0-4BA507417D9D}.Debug|iPhone.ActiveCfg = Debug|iPhone
		{CEAF9589-A5AD-4A29-98F0-4BA507417D9D}.Debug|iPhone.Build.0 = Debug|iPhone
		{CEAF9589-A5AD-4A29-98F0-4BA507417D9D}.Debug|iPhoneSimulator.ActiveCfg = Debug|iPhoneSimulator
		{CEAF9589-A5AD-4A29-98F0-4BA507417D9D}.Debug|iPhoneSimulator.Build.0 = Debug|iPhoneSimulator
		{CEAF9589-A5AD-4A29-98F0-4BA507417D9D}.Debug|x64.ActiveCfg = Debug|iPhone
		{CEAF9589-A5AD-4A29-98F0-4BA507417D9D}.Debug|x86.ActiveCfg = Debug|iPhone
		{CEAF9589-A5AD-4A29-98F0-4BA507417D9D}.Release|Any CPU.ActiveCfg = Release|iPhone
		{CEAF9589-A5AD-4A29-98F0-4BA507417D9D}.Release|ARM.ActiveCfg = Release|iPhone
		{CEAF9589-A5AD-4A29-98F0-4BA507417D9D}.Release|iPhone.ActiveCfg = Release|iPhone
		{CEAF9589-A5AD-4A29-98F0-4BA507417D9D}.Release|iPhone.Build.0 = Release|iPhone
		{CEAF9589-A5AD-4A29-98F0-4BA507417D9D}.Release|iPhoneSimulator.ActiveCfg = Release|iPhoneSimulator
		{CEAF9589-A5AD-4A29-98F0-4BA507417D9D}.Release|iPhoneSimulator.Build.0 = Release|iPhoneSimulator
		{CEAF9589-A5AD-4A29-98F0-4BA507417D9D}.Release|x64.ActiveCfg = Release|iPhone
		{CEAF9589-A5AD-4A29-98F0-4BA507417D9D}.Release|x86.ActiveCfg = Release|iPhone
		{80CC1D88-5A16-4009-9BD9-38E3E8A5B3C9}.Ad-Hoc|Any CPU.ActiveCfg = Release|x86
		{80CC1D88-5A16-4009-9BD9-38E3E8A5B3C9}.Ad-Hoc|Any CPU.Build.0 = Release|x86
		{80CC1D88-5A16-4009-9BD9-38E3E8A5B3C9}.Ad-Hoc|Any CPU.Deploy.0 = Release|x86
		{80CC1D88-5A16-4009-9BD9-38E3E8A5B3C9}.Ad-Hoc|ARM.ActiveCfg = Release|ARM
		{80CC1D88-5A16-4009-9BD9-38E3E8A5B3C9}.Ad-Hoc|ARM.Build.0 = Release|ARM
		{80CC1D88-5A16-4009-9BD9-38E3E8A5B3C9}.Ad-Hoc|ARM.Deploy.0 = Release|ARM
		{80CC1D88-5A16-4009-9BD9-38E3E8A5B3C9}.Ad-Hoc|iPhone.ActiveCfg = Release|x86
		{80CC1D88-5A16-4009-9BD9-38E3E8A5B3C9}.Ad-Hoc|iPhone.Build.0 = Release|x86
		{80CC1D88-5A16-4009-9BD9-38E3E8A5B3C9}.Ad-Hoc|iPhone.Deploy.0 = Release|x86
		{80CC1D88-5A16-4009-9BD9-38E3E8A5B3C9}.Ad-Hoc|iPhoneSimulator.ActiveCfg = Release|x86
		{80CC1D88-5A16-4009-9BD9-38E3E8A5B3C9}.Ad-Hoc|iPhoneSimulator.Build.0 = Release|x86
		{80CC1D88-5A16-4009-9BD9-38E3E8A5B3C9}.Ad-Hoc|iPhoneSimulator.Deploy.0 = Release|x86
		{80CC1D88-5A16-4009-9BD9-38E3E8A5B3C9}.Ad-Hoc|x64.ActiveCfg = Release|x64
		{80CC1D88-5A16-4009-9BD9-38E3E8A5B3C9}.Ad-Hoc|x64.Build.0 = Release|x64
		{80CC1D88-5A16-4009-9BD9-38E3E8A5B3C9}.Ad-Hoc|x64.Deploy.0 = Release|x64
		{80CC1D88-5A16-4009-9BD9-38E3E8A5B3C9}.Ad-Hoc|x86.ActiveCfg = Release|x86
		{80CC1D88-5A16-4009-9BD9-38E3E8A5B3C9}.Ad-Hoc|x86.Build.0 = Release|x86
		{80CC1D88-5A16-4009-9BD9-38E3E8A5B3C9}.Ad-Hoc|x86.Deploy.0 = Release|x86
		{80CC1D88-5A16-4009-9BD9-38E3E8A5B3C9}.AppStore|Any CPU.ActiveCfg = Release|x86
		{80CC1D88-5A16-4009-9BD9-38E3E8A5B3C9}.AppStore|Any CPU.Build.0 = Release|x86
		{80CC1D88-5A16-4009-9BD9-38E3E8A5B3C9}.AppStore|Any CPU.Deploy.0 = Release|x86
		{80CC1D88-5A16-4009-9BD9-38E3E8A5B3C9}.AppStore|ARM.ActiveCfg = Release|ARM
		{80CC1D88-5A16-4009-9BD9-38E3E8A5B3C9}.AppStore|ARM.Build.0 = Release|ARM
		{80CC1D88-5A16-4009-9BD9-38E3E8A5B3C9}.AppStore|ARM.Deploy.0 = Release|ARM
		{80CC1D88-5A16-4009-9BD9-38E3E8A5B3C9}.AppStore|iPhone.ActiveCfg = Release|x86
		{80CC1D88-5A16-4009-9BD9-38E3E8A5B3C9}.AppStore|iPhone.Build.0 = Release|x86
		{80CC1D88-5A16-4009-9BD9-38E3E8A5B3C9}.AppStore|iPhone.Deploy.0 = Release|x86
		{80CC1D88-5A16-4009-9BD9-38E3E8A5B3C9}.AppStore|iPhoneSimulator.ActiveCfg = Release|x86
		{80CC1D88-5A16-4009-9BD9-38E3E8A5B3C9}.AppStore|iPhoneSimulator.Build.0 = Release|x86
		{80CC1D88-5A16-4009-9BD9-38E3E8A5B3C9}.AppStore|iPhoneSimulator.Deploy.0 = Release|x86
		{80CC1D88-5A16-4009-9BD9-38E3E8A5B3C9}.AppStore|x64.ActiveCfg = Release|x64
		{80CC1D88-5A16-4009-9BD9-38E3E8A5B3C9}.AppStore|x64.Build.0 = Release|x64
		{80CC1D88-5A16-4009-9BD9-38E3E8A5B3C9}.AppStore|x64.Deploy.0 = Release|x64
		{80CC1D88-5A16-4009-9BD9-38E3E8A5B3C9}.AppStore|x86.ActiveCfg = Release|x86
		{80CC1D88-5A16-4009-9BD9-38E3E8A5B3C9}.AppStore|x86.Build.0 = Release|x86
		{80CC1D88-5A16-4009-9BD9-38E3E8A5B3C9}.AppStore|x86.Deploy.0 = Release|x86
		{80CC1D88-5A16-4009-9BD9-38E3E8A5B3C9}.Debug|Any CPU.ActiveCfg = Debug|x86
		{80CC1D88-5A16-4009-9BD9-38E3E8A5B3C9}.Debug|Any CPU.Deploy.0 = Debug|x86
		{80CC1D88-5A16-4009-9BD9-38E3E8A5B3C9}.Debug|ARM.ActiveCfg = Debug|ARM
		{80CC1D88-5A16-4009-9BD9-38E3E8A5B3C9}.Debug|ARM.Build.0 = Debug|ARM
		{80CC1D88-5A16-4009-9BD9-38E3E8A5B3C9}.Debug|ARM.Deploy.0 = Debug|ARM
		{80CC1D88-5A16-4009-9BD9-38E3E8A5B3C9}.Debug|iPhone.ActiveCfg = Debug|x86
		{80CC1D88-5A16-4009-9BD9-38E3E8A5B3C9}.Debug|iPhoneSimulator.ActiveCfg = Debug|x86
		{80CC1D88-5A16-4009-9BD9-38E3E8A5B3C9}.Debug|x64.ActiveCfg = Debug|x64
		{80CC1D88-5A16-4009-9BD9-38E3E8A5B3C9}.Debug|x64.Build.0 = Debug|x64
		{80CC1D88-5A16-4009-9BD9-38E3E8A5B3C9}.Debug|x64.Deploy.0 = Debug|x64
		{80CC1D88-5A16-4009-9BD9-38E3E8A5B3C9}.Debug|x86.ActiveCfg = Debug|x86
		{80CC1D88-5A16-4009-9BD9-38E3E8A5B3C9}.Debug|x86.Build.0 = Debug|x86
		{80CC1D88-5A16-4009-9BD9-38E3E8A5B3C9}.Debug|x86.Deploy.0 = Debug|x86
		{80CC1D88-5A16-4009-9BD9-38E3E8A5B3C9}.Release|Any CPU.ActiveCfg = Release|x86
		{80CC1D88-5A16-4009-9BD9-38E3E8A5B3C9}.Release|ARM.ActiveCfg = Release|ARM
		{80CC1D88-5A16-4009-9BD9-38E3E8A5B3C9}.Release|ARM.Build.0 = Release|ARM
		{80CC1D88-5A16-4009-9BD9-38E3E8A5B3C9}.Release|ARM.Deploy.0 = Release|ARM
		{80CC1D88-5A16-4009-9BD9-38E3E8A5B3C9}.Release|iPhone.ActiveCfg = Release|x86
		{80CC1D88-5A16-4009-9BD9-38E3E8A5B3C9}.Release|iPhoneSimulator.ActiveCfg = Release|x86
		{80CC1D88-5A16-4009-9BD9-38E3E8A5B3C9}.Release|x64.ActiveCfg = Release|x64
		{80CC1D88-5A16-4009-9BD9-38E3E8A5B3C9}.Release|x64.Build.0 = Release|x64
		{80CC1D88-5A16-4009-9BD9-38E3E8A5B3C9}.Release|x64.Deploy.0 = Release|x64
		{80CC1D88-5A16-4009-9BD9-38E3E8A5B3C9}.Release|x86.ActiveCfg = Release|x86
		{80CC1D88-5A16-4009-9BD9-38E3E8A5B3C9}.Release|x86.Build.0 = Release|x86
		{80CC1D88-5A16-4009-9BD9-38E3E8A5B3C9}.Release|x86.Deploy.0 = Release|x86
		{BCF2F3CA-9900-4C57-9FC9-633E7FBECF2F}.Ad-Hoc|Any CPU.ActiveCfg = Release|Any CPU
		{BCF2F3CA-9900-4C57-9FC9-633E7FBECF2F}.Ad-Hoc|Any CPU.Build.0 = Release|Any CPU
		{BCF2F3CA-9900-4C57-9FC9-633E7FBECF2F}.Ad-Hoc|ARM.ActiveCfg = Release|Any CPU
		{BCF2F3CA-9900-4C57-9FC9-633E7FBECF2F}.Ad-Hoc|ARM.Build.0 = Release|Any CPU
		{BCF2F3CA-9900-4C57-9FC9-633E7FBECF2F}.Ad-Hoc|iPhone.ActiveCfg = Release|Any CPU
		{BCF2F3CA-9900-4C57-9FC9-633E7FBECF2F}.Ad-Hoc|iPhone.Build.0 = Release|Any CPU
		{BCF2F3CA-9900-4C57-9FC9-633E7FBECF2F}.Ad-Hoc|iPhoneSimulator.ActiveCfg = Release|Any CPU
		{BCF2F3CA-9900-4C57-9FC9-633E7FBECF2F}.Ad-Hoc|iPhoneSimulator.Build.0 = Release|Any CPU
		{BCF2F3CA-9900-4C57-9FC9-633E7FBECF2F}.Ad-Hoc|x64.ActiveCfg = Release|Any CPU
		{BCF2F3CA-9900-4C57-9FC9-633E7FBECF2F}.Ad-Hoc|x64.Build.0 = Release|Any CPU
		{BCF2F3CA-9900-4C57-9FC9-633E7FBECF2F}.Ad-Hoc|x86.ActiveCfg = Release|Any CPU
		{BCF2F3CA-9900-4C57-9FC9-633E7FBECF2F}.Ad-Hoc|x86.Build.0 = Release|Any CPU
		{BCF2F3CA-9900-4C57-9FC9-633E7FBECF2F}.AppStore|Any CPU.ActiveCfg = Release|Any CPU
		{BCF2F3CA-9900-4C57-9FC9-633E7FBECF2F}.AppStore|Any CPU.Build.0 = Release|Any CPU
		{BCF2F3CA-9900-4C57-9FC9-633E7FBECF2F}.AppStore|ARM.ActiveCfg = Release|Any CPU
		{BCF2F3CA-9900-4C57-9FC9-633E7FBECF2F}.AppStore|ARM.Build.0 = Release|Any CPU
		{BCF2F3CA-9900-4C57-9FC9-633E7FBECF2F}.AppStore|iPhone.ActiveCfg = Release|Any CPU
		{BCF2F3CA-9900-4C57-9FC9-633E7FBECF2F}.AppStore|iPhone.Build.0 = Release|Any CPU
		{BCF2F3CA-9900-4C57-9FC9-633E7FBECF2F}.AppStore|iPhoneSimulator.ActiveCfg = Release|Any CPU
		{BCF2F3CA-9900-4C57-9FC9-633E7FBECF2F}.AppStore|iPhoneSimulator.Build.0 = Release|Any CPU
		{BCF2F3CA-9900-4C57-9FC9-633E7FBECF2F}.AppStore|x64.ActiveCfg = Release|Any CPU
		{BCF2F3CA-9900-4C57-9FC9-633E7FBECF2F}.AppStore|x64.Build.0 = Release|Any CPU
		{BCF2F3CA-9900-4C57-9FC9-633E7FBECF2F}.AppStore|x86.ActiveCfg = Release|Any CPU
		{BCF2F3CA-9900-4C57-9FC9-633E7FBECF2F}.AppStore|x86.Build.0 = Release|Any CPU
		{BCF2F3CA-9900-4C57-9FC9-633E7FBECF2F}.Debug|Any CPU.ActiveCfg = Debug|Any CPU
		{BCF2F3CA-9900-4C57-9FC9-633E7FBECF2F}.Debug|Any CPU.Build.0 = Debug|Any CPU
		{BCF2F3CA-9900-4C57-9FC9-633E7FBECF2F}.Debug|ARM.ActiveCfg = Debug|Any CPU
		{BCF2F3CA-9900-4C57-9FC9-633E7FBECF2F}.Debug|ARM.Build.0 = Debug|Any CPU
		{BCF2F3CA-9900-4C57-9FC9-633E7FBECF2F}.Debug|iPhone.ActiveCfg = Debug|Any CPU
		{BCF2F3CA-9900-4C57-9FC9-633E7FBECF2F}.Debug|iPhone.Build.0 = Debug|Any CPU
		{BCF2F3CA-9900-4C57-9FC9-633E7FBECF2F}.Debug|iPhoneSimulator.ActiveCfg = Debug|Any CPU
		{BCF2F3CA-9900-4C57-9FC9-633E7FBECF2F}.Debug|iPhoneSimulator.Build.0 = Debug|Any CPU
		{BCF2F3CA-9900-4C57-9FC9-633E7FBECF2F}.Debug|x64.ActiveCfg = Debug|Any CPU
		{BCF2F3CA-9900-4C57-9FC9-633E7FBECF2F}.Debug|x64.Build.0 = Debug|Any CPU
		{BCF2F3CA-9900-4C57-9FC9-633E7FBECF2F}.Debug|x86.ActiveCfg = Debug|Any CPU
		{BCF2F3CA-9900-4C57-9FC9-633E7FBECF2F}.Debug|x86.Build.0 = Debug|Any CPU
		{BCF2F3CA-9900-4C57-9FC9-633E7FBECF2F}.Release|Any CPU.ActiveCfg = Release|Any CPU
		{BCF2F3CA-9900-4C57-9FC9-633E7FBECF2F}.Release|Any CPU.Build.0 = Release|Any CPU
		{BCF2F3CA-9900-4C57-9FC9-633E7FBECF2F}.Release|ARM.ActiveCfg = Release|Any CPU
		{BCF2F3CA-9900-4C57-9FC9-633E7FBECF2F}.Release|ARM.Build.0 = Release|Any CPU
		{BCF2F3CA-9900-4C57-9FC9-633E7FBECF2F}.Release|iPhone.ActiveCfg = Release|Any CPU
		{BCF2F3CA-9900-4C57-9FC9-633E7FBECF2F}.Release|iPhone.Build.0 = Release|Any CPU
		{BCF2F3CA-9900-4C57-9FC9-633E7FBECF2F}.Release|iPhoneSimulator.ActiveCfg = Release|Any CPU
		{BCF2F3CA-9900-4C57-9FC9-633E7FBECF2F}.Release|iPhoneSimulator.Build.0 = Release|Any CPU
		{BCF2F3CA-9900-4C57-9FC9-633E7FBECF2F}.Release|x64.ActiveCfg = Release|Any CPU
		{BCF2F3CA-9900-4C57-9FC9-633E7FBECF2F}.Release|x64.Build.0 = Release|Any CPU
		{BCF2F3CA-9900-4C57-9FC9-633E7FBECF2F}.Release|x86.ActiveCfg = Release|Any CPU
		{BCF2F3CA-9900-4C57-9FC9-633E7FBECF2F}.Release|x86.Build.0 = Release|Any CPU
		{673AD6C9-CB79-4070-B737-73872F44223F}.Ad-Hoc|Any CPU.ActiveCfg = Release|Any CPU
		{673AD6C9-CB79-4070-B737-73872F44223F}.Ad-Hoc|Any CPU.Build.0 = Release|Any CPU
		{673AD6C9-CB79-4070-B737-73872F44223F}.Ad-Hoc|ARM.ActiveCfg = Release|Any CPU
		{673AD6C9-CB79-4070-B737-73872F44223F}.Ad-Hoc|ARM.Build.0 = Release|Any CPU
		{673AD6C9-CB79-4070-B737-73872F44223F}.Ad-Hoc|iPhone.ActiveCfg = Release|Any CPU
		{673AD6C9-CB79-4070-B737-73872F44223F}.Ad-Hoc|iPhone.Build.0 = Release|Any CPU
		{673AD6C9-CB79-4070-B737-73872F44223F}.Ad-Hoc|iPhoneSimulator.ActiveCfg = Release|Any CPU
		{673AD6C9-CB79-4070-B737-73872F44223F}.Ad-Hoc|iPhoneSimulator.Build.0 = Release|Any CPU
		{673AD6C9-CB79-4070-B737-73872F44223F}.Ad-Hoc|x64.ActiveCfg = Release|Any CPU
		{673AD6C9-CB79-4070-B737-73872F44223F}.Ad-Hoc|x64.Build.0 = Release|Any CPU
		{673AD6C9-CB79-4070-B737-73872F44223F}.Ad-Hoc|x86.ActiveCfg = Release|Any CPU
		{673AD6C9-CB79-4070-B737-73872F44223F}.Ad-Hoc|x86.Build.0 = Release|Any CPU
		{673AD6C9-CB79-4070-B737-73872F44223F}.AppStore|Any CPU.ActiveCfg = Release|Any CPU
		{673AD6C9-CB79-4070-B737-73872F44223F}.AppStore|Any CPU.Build.0 = Release|Any CPU
		{673AD6C9-CB79-4070-B737-73872F44223F}.AppStore|ARM.ActiveCfg = Release|Any CPU
		{673AD6C9-CB79-4070-B737-73872F44223F}.AppStore|ARM.Build.0 = Release|Any CPU
		{673AD6C9-CB79-4070-B737-73872F44223F}.AppStore|iPhone.ActiveCfg = Release|Any CPU
		{673AD6C9-CB79-4070-B737-73872F44223F}.AppStore|iPhone.Build.0 = Release|Any CPU
		{673AD6C9-CB79-4070-B737-73872F44223F}.AppStore|iPhoneSimulator.ActiveCfg = Release|Any CPU
		{673AD6C9-CB79-4070-B737-73872F44223F}.AppStore|iPhoneSimulator.Build.0 = Release|Any CPU
		{673AD6C9-CB79-4070-B737-73872F44223F}.AppStore|x64.ActiveCfg = Release|Any CPU
		{673AD6C9-CB79-4070-B737-73872F44223F}.AppStore|x64.Build.0 = Release|Any CPU
		{673AD6C9-CB79-4070-B737-73872F44223F}.AppStore|x86.ActiveCfg = Release|Any CPU
		{673AD6C9-CB79-4070-B737-73872F44223F}.AppStore|x86.Build.0 = Release|Any CPU
		{673AD6C9-CB79-4070-B737-73872F44223F}.Debug|Any CPU.ActiveCfg = Debug|Any CPU
		{673AD6C9-CB79-4070-B737-73872F44223F}.Debug|Any CPU.Build.0 = Debug|Any CPU
		{673AD6C9-CB79-4070-B737-73872F44223F}.Debug|ARM.ActiveCfg = Debug|Any CPU
		{673AD6C9-CB79-4070-B737-73872F44223F}.Debug|ARM.Build.0 = Debug|Any CPU
		{673AD6C9-CB79-4070-B737-73872F44223F}.Debug|iPhone.ActiveCfg = Debug|Any CPU
		{673AD6C9-CB79-4070-B737-73872F44223F}.Debug|iPhone.Build.0 = Debug|Any CPU
		{673AD6C9-CB79-4070-B737-73872F44223F}.Debug|iPhoneSimulator.ActiveCfg = Debug|Any CPU
		{673AD6C9-CB79-4070-B737-73872F44223F}.Debug|iPhoneSimulator.Build.0 = Debug|Any CPU
		{673AD6C9-CB79-4070-B737-73872F44223F}.Debug|x64.ActiveCfg = Debug|Any CPU
		{673AD6C9-CB79-4070-B737-73872F44223F}.Debug|x64.Build.0 = Debug|Any CPU
		{673AD6C9-CB79-4070-B737-73872F44223F}.Debug|x86.ActiveCfg = Debug|Any CPU
		{673AD6C9-CB79-4070-B737-73872F44223F}.Debug|x86.Build.0 = Debug|Any CPU
		{673AD6C9-CB79-4070-B737-73872F44223F}.Release|Any CPU.ActiveCfg = Release|Any CPU
		{673AD6C9-CB79-4070-B737-73872F44223F}.Release|Any CPU.Build.0 = Release|Any CPU
		{673AD6C9-CB79-4070-B737-73872F44223F}.Release|ARM.ActiveCfg = Release|Any CPU
		{673AD6C9-CB79-4070-B737-73872F44223F}.Release|ARM.Build.0 = Release|Any CPU
		{673AD6C9-CB79-4070-B737-73872F44223F}.Release|iPhone.ActiveCfg = Release|Any CPU
		{673AD6C9-CB79-4070-B737-73872F44223F}.Release|iPhone.Build.0 = Release|Any CPU
		{673AD6C9-CB79-4070-B737-73872F44223F}.Release|iPhoneSimulator.ActiveCfg = Release|Any CPU
		{673AD6C9-CB79-4070-B737-73872F44223F}.Release|iPhoneSimulator.Build.0 = Release|Any CPU
		{673AD6C9-CB79-4070-B737-73872F44223F}.Release|x64.ActiveCfg = Release|Any CPU
		{673AD6C9-CB79-4070-B737-73872F44223F}.Release|x64.Build.0 = Release|Any CPU
		{673AD6C9-CB79-4070-B737-73872F44223F}.Release|x86.ActiveCfg = Release|Any CPU
		{673AD6C9-CB79-4070-B737-73872F44223F}.Release|x86.Build.0 = Release|Any CPU
	EndGlobalSection
	GlobalSection(SolutionProperties) = preSolution
		HideSolutionNode = FALSE
	EndGlobalSection
EndGlobal
